
Microsoft Visual Studio Solution File, Format Version 12.00
# Visual Studio Version 17
VisualStudioVersion = 17.10.35027.167
MinimumVisualStudioVersion = 10.0.40219.1
Project("{FAE04EC0-301F-11D3-BF4B-00C04F79EFBC}") = "FIT5032_MyCodeSnippet", "FIT5032_MyCodeSnippet\FIT5032_MyCodeSnippet.csproj", "{8A574ACE-C59E-4558-B4F1-5B62DC57F05D}"
EndProject
Project("{FAE04EC0-301F-11D3-BF4B-00C04F79EFBC}") = "FIT5032_MyCodeSnippet.Tests", "FIT5032_MyCodeSnippet.Tests\FIT5032_MyCodeSnippet.Tests.csproj", "{701ECF50-8400-4AC0-86F1-87E1CA63E67B}"
EndProject
Global
	GlobalSection(SolutionConfigurationPlatforms) = preSolution
		Debug|Any CPU = Debug|Any CPU
		Release|Any CPU = Release|Any CPU
	EndGlobalSection
	GlobalSection(ProjectConfigurationPlatforms) = postSolution
		{8A574ACE-C59E-4558-B4F1-5B62DC57F05D}.Debug|Any CPU.ActiveCfg = Debug|Any CPU
		{8A574ACE-C59E-4558-B4F1-5B62DC57F05D}.Debug|Any CPU.Build.0 = Debug|Any CPU
		{8A574ACE-C59E-4558-B4F1-5B62DC57F05D}.Release|Any CPU.ActiveCfg = Release|Any CPU
		{8A574ACE-C59E-4558-B4F1-5B62DC57F05D}.Release|Any CPU.Build.0 = Release|Any CPU
		{701ECF50-8400-4AC0-86F1-87E1CA63E67B}.Debug|Any CPU.ActiveCfg = Debug|Any CPU
		{701ECF50-8400-4AC0-86F1-87E1CA63E67B}.Debug|Any CPU.Build.0 = Debug|Any CPU
		{701ECF50-8400-4AC0-86F1-87E1CA63E67B}.Release|Any CPU.ActiveCfg = Release|Any CPU
		{701ECF50-8400-4AC0-86F1-87E1CA63E67B}.Release|Any CPU.Build.0 = Release|Any CPU
	EndGlobalSection
	GlobalSection(SolutionProperties) = preSolution
		HideSolutionNode = FALSE
	EndGlobalSection
	GlobalSection(ExtensibilityGlobals) = postSolution
		SolutionGuid = {FEA907A0-30E1-41C9-BBDD-BC20F892EA92}
	EndGlobalSection
EndGlobal
